{
  "name": "trained-assist-mcp-host",
  "version": "0.1.0",
  "lockfileVersion": 3,
  "requires": true,
  "packages": {
    "": {
      "name": "trained-assist-mcp-host",
      "version": "0.1.0",
      "dependencies": {
        "trained-assist-search-skill": "git+https://github.com/trained-assist/trained-assist-search-skill.git#e8308ed23f9ad264753e119b7831d6f0737f8e15"
      },
      "engines": {
        "node": ">=22"
      }
    },
    "node_modules/trained-assist-search-skill": {
      "version": "0.1.0",
      "resolved": "git+https://github.com/trained-assist/trained-assist-search-skill.git#e8308ed23f9ad264753e119b7831d6f0737f8e15",
      "integrity": "sha512-zt9NjHkxDD0oKDN1noVT74k8M9fn9oXerVgKJQeGzvP76vvx4mdVihp8qMMYN+Ezfdfvjh+poLY9C1eI4iwCMg==",
      "engines": {
        "node": ">=20"
      }
    }
  }
}
